
Microsoft Visual Studio Solution File, Format Version 12.00
# Visual Studio Version 17
VisualStudioVersion = 17.9.34728.123
MinimumVisualStudioVersion = 10.0.40219.1
Project("{FAE04EC0-301F-11D3-BF4B-00C04F79EFBC}") = "laba2", "laba\laba2.csproj", "{5EF1636C-E55F-4CA5-AE8E-367940557554}"
EndProject
Project("{2150E333-8FDC-42A3-9474-1A3956D46DE8}") = "2zadanie", "2zadanie", "{6C0F9D5F-4D59-4F6F-8AE2-0355676BE11B}"
EndProject
Project("{2150E333-8FDC-42A3-9474-1A3956D46DE8}") = "4zadanie", "4zadanie", "{56B09219-946C-467B-8080-49AD28E8A589}"
EndProject
Project("{FAE04EC0-301F-11D3-BF4B-00C04F79EFBC}") = "laba4", "laba3\laba4.csproj", "{BF6E77FC-3FE5-415B-AFD8-5F96D7F8B36C}"
EndProject
Project("{2150E333-8FDC-42A3-9474-1A3956D46DE8}") = "5zadanie", "5zadanie", "{6BA7DB48-8D33-4E88-9E92-4270A8993718}"
EndProject
Project("{FAE04EC0-301F-11D3-BF4B-00C04F79EFBC}") = "laba5", "laba4\laba5.csproj", "{890A7DCD-2505-4484-B0D1-10F01CA22032}"
EndProject
Project("{2150E333-8FDC-42A3-9474-1A3956D46DE8}") = "6zadanie", "6zadanie", "{9C3EB279-B065-41D2-AD79-21840BE11CF3}"
EndProject
Project("{FAE04EC0-301F-11D3-BF4B-00C04F79EFBC}") = "laba6", "laba6\laba6.csproj", "{EE48EFA9-5FB9-42EF-9920-0AF3A16C35A0}"
EndProject
Project("{2150E333-8FDC-42A3-9474-1A3956D46DE8}") = "7zadanie", "7zadanie", "{1922117C-9CE7-438A-8F57-18CAD07D42CB}"
EndProject
Project("{FAE04EC0-301F-11D3-BF4B-00C04F79EFBC}") = "laba7", "laba7\laba7.csproj", "{5AED55A8-3172-41D2-848C-3F2B6E4771C5}"
EndProject
Project("{2150E333-8FDC-42A3-9474-1A3956D46DE8}") = "8zadanie", "8zadanie", "{8B7B7D43-2676-4745-BA23-6FC0AE1DA283}"
EndProject
Project("{FAE04EC0-301F-11D3-BF4B-00C04F79EFBC}") = "laba8", "laba8\laba8.csproj", "{6FDC1D44-4291-43EE-8A19-DC960D744BD9}"
EndProject
Project("{2150E333-8FDC-42A3-9474-1A3956D46DE8}") = "9zadanie", "9zadanie", "{EB43622E-1021-4E94-86E3-ACE9F8151709}"
EndProject
Project("{FAE04EC0-301F-11D3-BF4B-00C04F79EFBC}") = "laba9", "laba9\laba9.csproj", "{2537A313-9AEF-467B-A1B2-CC729E82B920}"
EndProject
Project("{2150E333-8FDC-42A3-9474-1A3956D46DE8}") = "10zadanie", "10zadanie", "{60A8083E-2A86-4336-8547-628487493CFA}"
EndProject
Project("{FAE04EC0-301F-11D3-BF4B-00C04F79EFBC}") = "laba10", "laba10\laba10.csproj", "{5A50FC7D-7094-4983-82CF-0A9287E90A1C}"
EndProject
Project("{2150E333-8FDC-42A3-9474-1A3956D46DE8}") = "11zadanie", "11zadanie", "{2EE647AA-2CFB-482B-A1F6-90DC40E83A7E}"
EndProject
Project("{FAE04EC0-301F-11D3-BF4B-00C04F79EFBC}") = "laba11", "laba11\laba11.csproj", "{367151F2-07ED-40E0-BE69-BEE0B12624BB}"
EndProject
Project("{2150E333-8FDC-42A3-9474-1A3956D46DE8}") = "12zadanie", "12zadanie", "{176C61D3-1713-42CE-A8B0-BDE41069FB2F}"
EndProject
Project("{FAE04EC0-301F-11D3-BF4B-00C04F79EFBC}") = "laba12", "laba12\laba12.csproj", "{2B2B92D6-2825-4936-8C88-3B377D22D0E5}"
EndProject
Project("{2150E333-8FDC-42A3-9474-1A3956D46DE8}") = "13zadanie", "13zadanie", "{9F801ECC-1D77-4F69-8ED9-D6D2BD71A6C1}"
EndProject
Project("{FAE04EC0-301F-11D3-BF4B-00C04F79EFBC}") = "laba13", "laba13\laba13.csproj", "{879BEBDA-15AA-4371-B9E8-98F8FD9D5490}"
EndProject
Project("{2150E333-8FDC-42A3-9474-1A3956D46DE8}") = "14zadanie", "14zadanie", "{90171DB6-41BA-4294-8D59-E559D227CFE5}"
EndProject
Project("{FAE04EC0-301F-11D3-BF4B-00C04F79EFBC}") = "laba14", "laba14\laba14.csproj", "{23EB357D-737C-4DCD-A628-2ED27FB31D53}"
EndProject
Project("{2150E333-8FDC-42A3-9474-1A3956D46DE8}") = "15zadanie", "15zadanie", "{20A53BA5-7A56-4032-A293-07BC9A47F76A}"
EndProject
Project("{FAE04EC0-301F-11D3-BF4B-00C04F79EFBC}") = "laba15", "laba15\laba15.csproj", "{2D99EB0B-CD18-44A0-8B4F-1709CBFD3517}"
EndProject
Project("{2150E333-8FDC-42A3-9474-1A3956D46DE8}") = "16zadanie", "16zadanie", "{9E77C74A-243D-446F-8B66-B40B98A24A62}"
EndProject
Project("{FAE04EC0-301F-11D3-BF4B-00C04F79EFBC}") = "laba16", "laba16\laba16.csproj", "{3BD903CE-5EC6-495B-B00D-AC88B99C4D34}"
EndProject
Project("{2150E333-8FDC-42A3-9474-1A3956D46DE8}") = "17zadanie", "17zadanie", "{DE59DD3F-9624-49A9-8FD2-B5A48568EB8E}"
EndProject
Project("{FAE04EC0-301F-11D3-BF4B-00C04F79EFBC}") = "laba17", "laba17\laba17.csproj", "{4172EFDB-950A-4086-9E82-AEF531F42761}"
EndProject
Project("{2150E333-8FDC-42A3-9474-1A3956D46DE8}") = "18zadanie", "18zadanie", "{A2CF07C3-F9AB-4CC9-AA4B-AAF5BC956D47}"
EndProject
Project("{FAE04EC0-301F-11D3-BF4B-00C04F79EFBC}") = "laba18", "laba18\laba18.csproj", "{5156ADE3-9C6D-4C8E-8DEB-F14326C41A0B}"
EndProject
Project("{2150E333-8FDC-42A3-9474-1A3956D46DE8}") = "19zadanie", "19zadanie", "{9FA6FC38-8B47-42B7-BD9B-CF6A4F5D20BF}"
EndProject
Project("{FAE04EC0-301F-11D3-BF4B-00C04F79EFBC}") = "laba19", "laba19\laba19.csproj", "{8B30A0F4-A912-4616-9A05-BD38FFD18B8E}"
EndProject
Project("{2150E333-8FDC-42A3-9474-1A3956D46DE8}") = "20zadanie", "20zadanie", "{788EC533-74CF-48AD-99C5-E74E34057415}"
EndProject
Project("{FAE04EC0-301F-11D3-BF4B-00C04F79EFBC}") = "laba20", "laba20\laba20.csproj", "{E8657E21-52F2-4CC7-95D0-CAAE1F98B2BC}"
EndProject
Project("{2150E333-8FDC-42A3-9474-1A3956D46DE8}") = "21zadanie", "21zadanie", "{87663B23-F6E4-4D30-B14F-68B159D1FA45}"
EndProject
Project("{FAE04EC0-301F-11D3-BF4B-00C04F79EFBC}") = "laba21", "laba21\laba21.csproj", "{26D0FAAC-4C5B-422C-8F0B-CE023092BB5E}"
EndProject
Project("{2150E333-8FDC-42A3-9474-1A3956D46DE8}") = "22zadanie", "22zadanie", "{42F08799-FBCD-4C3C-8B1E-C151E2229BAD}"
EndProject
Project("{FAE04EC0-301F-11D3-BF4B-00C04F79EFBC}") = "laba22", "laba22\laba22.csproj", "{28C5CE4A-AA77-4815-86A7-AB4450D46EE6}"
EndProject
Project("{2150E333-8FDC-42A3-9474-1A3956D46DE8}") = "23Azadanie", "23Azadanie", "{03B2C8DD-EFA5-4D00-95C7-DD1A86581879}"
EndProject
Project("{FAE04EC0-301F-11D3-BF4B-00C04F79EFBC}") = "laba23a", "laba23a\laba23a.csproj", "{4F171528-ADD6-4D6D-8950-ED6FC713657B}"
EndProject
Project("{2150E333-8FDC-42A3-9474-1A3956D46DE8}") = "23Bzadanie", "23Bzadanie", "{186D5BA4-26C4-4EC6-81C3-19AB09364069}"
EndProject
Project("{FAE04EC0-301F-11D3-BF4B-00C04F79EFBC}") = "laba23b", "laba23b\laba23b.csproj", "{761F47E3-56C5-493D-9B96-53EBD61E086E}"
EndProject
Project("{2150E333-8FDC-42A3-9474-1A3956D46DE8}") = "23Czadanie", "23Czadanie", "{DBE43DB3-EE8A-4CCA-BA44-E26401859BFD}"
EndProject
Project("{FAE04EC0-301F-11D3-BF4B-00C04F79EFBC}") = "laba23c", "laba23c\laba23c.csproj", "{40E6FA3C-565F-40B2-8D71-D54BDA024D1D}"
EndProject
Project("{2150E333-8FDC-42A3-9474-1A3956D46DE8}") = "24zadanie", "24zadanie", "{F6DB4957-2659-4677-8233-41496F127835}"
EndProject
Project("{FAE04EC0-301F-11D3-BF4B-00C04F79EFBC}") = "laba24", "laba24\laba24.csproj", "{8DE1297B-1990-4A25-A5BA-33105BEDB6B0}"
EndProject
Project("{2150E333-8FDC-42A3-9474-1A3956D46DE8}") = "23Dzadanie", "23Dzadanie", "{7CA95352-FC26-4DB2-86A3-97CE6A8DDB99}"
EndProject
Project("{FAE04EC0-301F-11D3-BF4B-00C04F79EFBC}") = "laba23d", "laba23d\laba23d.csproj", "{6A38B8D6-1C4B-472D-A35E-35FBFEB47742}"
EndProject
Project("{2150E333-8FDC-42A3-9474-1A3956D46DE8}") = "23Fzadanie", "23Fzadanie", "{E37D4499-6FE0-48A2-8814-07E0A6E2F068}"
EndProject
Project("{FAE04EC0-301F-11D3-BF4B-00C04F79EFBC}") = "laba23f", "laba23f\laba23f.csproj", "{C3669F7B-7E74-4E9F-86B9-E8E3B0EE51CA}"
EndProject
Project("{2150E333-8FDC-42A3-9474-1A3956D46DE8}") = "23Gzadanie", "23Gzadanie", "{C6C1AE40-1145-4984-82AA-C3110653F3A4}"
EndProject
Project("{FAE04EC0-301F-11D3-BF4B-00C04F79EFBC}") = "laba23g", "laba23g\laba23g.csproj", "{2EAC11C4-C280-4D6B-8D8C-DDE1D0FEFC84}"
EndProject
Project("{2150E333-8FDC-42A3-9474-1A3956D46DE8}") = "25Azadanie", "25Azadanie", "{2F976E3B-1B84-46C8-B809-159DA2DAF98B}"
EndProject
Project("{FAE04EC0-301F-11D3-BF4B-00C04F79EFBC}") = "laba25a", "laba25a\laba25a.csproj", "{C5E2DEE9-FE6B-4DA9-B433-088E09E697E9}"
EndProject
Project("{2150E333-8FDC-42A3-9474-1A3956D46DE8}") = "25Bzadanie", "25Bzadanie", "{3D4B1320-CDCD-44E3-B64A-56DAA0D21CB1}"
EndProject
Project("{FAE04EC0-301F-11D3-BF4B-00C04F79EFBC}") = "laba25b", "laba25b\laba25b.csproj", "{C5511C3F-591F-412D-9A5E-8E2A767758A2}"
EndProject
Project("{2150E333-8FDC-42A3-9474-1A3956D46DE8}") = "25Czadanie", "25Czadanie", "{6A81F5F1-BF89-4B97-BDB9-DEE46F1174DA}"
EndProject
Project("{FAE04EC0-301F-11D3-BF4B-00C04F79EFBC}") = "laba25c", "laba25c\laba25c.csproj", "{AF699A6F-6CCF-4F8B-B9E6-78D5AE8A9704}"
EndProject
Project("{2150E333-8FDC-42A3-9474-1A3956D46DE8}") = "25Dzadanie", "25Dzadanie", "{D5B8D1B8-25CB-4F81-B7A6-2730FC774CD7}"
EndProject
Project("{FAE04EC0-301F-11D3-BF4B-00C04F79EFBC}") = "laba25d", "laba25d\laba25d.csproj", "{A6A53DE5-FEB2-4DA9-A38E-F92CA0D3B596}"
EndProject
Project("{2150E333-8FDC-42A3-9474-1A3956D46DE8}") = "25Fzadanie", "25Fzadanie", "{C180BCB5-04D6-4182-A203-23EBB5602567}"
EndProject
Project("{FAE04EC0-301F-11D3-BF4B-00C04F79EFBC}") = "laba25f", "laba25f\laba25f.csproj", "{93E3BE40-E405-4736-80F7-CF1E05C10081}"
EndProject
Global
	GlobalSection(SolutionConfigurationPlatforms) = preSolution
		Debug|Any CPU = Debug|Any CPU
		Release|Any CPU = Release|Any CPU
	EndGlobalSection
	GlobalSection(ProjectConfigurationPlatforms) = postSolution
		{5EF1636C-E55F-4CA5-AE8E-367940557554}.Debug|Any CPU.ActiveCfg = Debug|Any CPU
		{5EF1636C-E55F-4CA5-AE8E-367940557554}.Debug|Any CPU.Build.0 = Debug|Any CPU
		{5EF1636C-E55F-4CA5-AE8E-367940557554}.Release|Any CPU.ActiveCfg = Release|Any CPU
		{5EF1636C-E55F-4CA5-AE8E-367940557554}.Release|Any CPU.Build.0 = Release|Any CPU
		{BF6E77FC-3FE5-415B-AFD8-5F96D7F8B36C}.Debug|Any CPU.ActiveCfg = Debug|Any CPU
		{BF6E77FC-3FE5-415B-AFD8-5F96D7F8B36C}.Debug|Any CPU.Build.0 = Debug|Any CPU
		{BF6E77FC-3FE5-415B-AFD8-5F96D7F8B36C}.Release|Any CPU.ActiveCfg = Release|Any CPU
		{BF6E77FC-3FE5-415B-AFD8-5F96D7F8B36C}.Release|Any CPU.Build.0 = Release|Any CPU
		{890A7DCD-2505-4484-B0D1-10F01CA22032}.Debug|Any CPU.ActiveCfg = Debug|Any CPU
		{890A7DCD-2505-4484-B0D1-10F01CA22032}.Debug|Any CPU.Build.0 = Debug|Any CPU
		{890A7DCD-2505-4484-B0D1-10F01CA22032}.Release|Any CPU.ActiveCfg = Release|Any CPU
		{890A7DCD-2505-4484-B0D1-10F01CA22032}.Release|Any CPU.Build.0 = Release|Any CPU
		{EE48EFA9-5FB9-42EF-9920-0AF3A16C35A0}.Debug|Any CPU.ActiveCfg = Debug|Any CPU
		{EE48EFA9-5FB9-42EF-9920-0AF3A16C35A0}.Debug|Any CPU.Build.0 = Debug|Any CPU
		{EE48EFA9-5FB9-42EF-9920-0AF3A16C35A0}.Release|Any CPU.ActiveCfg = Release|Any CPU
		{EE48EFA9-5FB9-42EF-9920-0AF3A16C35A0}.Release|Any CPU.Build.0 = Release|Any CPU
		{5AED55A8-3172-41D2-848C-3F2B6E4771C5}.Debug|Any CPU.ActiveCfg = Debug|Any CPU
		{5AED55A8-3172-41D2-848C-3F2B6E4771C5}.Debug|Any CPU.Build.0 = Debug|Any CPU
		{5AED55A8-3172-41D2-848C-3F2B6E4771C5}.Release|Any CPU.ActiveCfg = Release|Any CPU
		{5AED55A8-3172-41D2-848C-3F2B6E4771C5}.Release|Any CPU.Build.0 = Release|Any CPU
		{6FDC1D44-4291-43EE-8A19-DC960D744BD9}.Debug|Any CPU.ActiveCfg = Debug|Any CPU
		{6FDC1D44-4291-43EE-8A19-DC960D744BD9}.Debug|Any CPU.Build.0 = Debug|Any CPU
		{6FDC1D44-4291-43EE-8A19-DC960D744BD9}.Release|Any CPU.ActiveCfg = Release|Any CPU
		{6FDC1D44-4291-43EE-8A19-DC960D744BD9}.Release|Any CPU.Build.0 = Release|Any CPU
		{2537A313-9AEF-467B-A1B2-CC729E82B920}.Debug|Any CPU.ActiveCfg = Debug|Any CPU
		{2537A313-9AEF-467B-A1B2-CC729E82B920}.Debug|Any CPU.Build.0 = Debug|Any CPU
		{2537A313-9AEF-467B-A1B2-CC729E82B920}.Release|Any CPU.ActiveCfg = Release|Any CPU
		{2537A313-9AEF-467B-A1B2-CC729E82B920}.Release|Any CPU.Build.0 = Release|Any CPU
		{5A50FC7D-7094-4983-82CF-0A9287E90A1C}.Debug|Any CPU.ActiveCfg = Debug|Any CPU
		{5A50FC7D-7094-4983-82CF-0A9287E90A1C}.Debug|Any CPU.Build.0 = Debug|Any CPU
		{5A50FC7D-7094-4983-82CF-0A9287E90A1C}.Release|Any CPU.ActiveCfg = Release|Any CPU
		{5A50FC7D-7094-4983-82CF-0A9287E90A1C}.Release|Any CPU.Build.0 = Release|Any CPU
		{367151F2-07ED-40E0-BE69-BEE0B12624BB}.Debug|Any CPU.ActiveCfg = Debug|Any CPU
		{367151F2-07ED-40E0-BE69-BEE0B12624BB}.Debug|Any CPU.Build.0 = Debug|Any CPU
		{367151F2-07ED-40E0-BE69-BEE0B12624BB}.Release|Any CPU.ActiveCfg = Release|Any CPU
		{367151F2-07ED-40E0-BE69-BEE0B12624BB}.Release|Any CPU.Build.0 = Release|Any CPU
		{2B2B92D6-2825-4936-8C88-3B377D22D0E5}.Debug|Any CPU.ActiveCfg = Debug|Any CPU
		{2B2B92D6-2825-4936-8C88-3B377D22D0E5}.Debug|Any CPU.Build.0 = Debug|Any CPU
		{2B2B92D6-2825-4936-8C88-3B377D22D0E5}.Release|Any CPU.ActiveCfg = Release|Any CPU
		{2B2B92D6-2825-4936-8C88-3B377D22D0E5}.Release|Any CPU.Build.0 = Release|Any CPU
		{879BEBDA-15AA-4371-B9E8-98F8FD9D5490}.Debug|Any CPU.ActiveCfg = Debug|Any CPU
		{879BEBDA-15AA-4371-B9E8-98F8FD9D5490}.Debug|Any CPU.Build.0 = Debug|Any CPU
		{879BEBDA-15AA-4371-B9E8-98F8FD9D5490}.Release|Any CPU.ActiveCfg = Release|Any CPU
		{879BEBDA-15AA-4371-B9E8-98F8FD9D5490}.Release|Any CPU.Build.0 = Release|Any CPU
		{23EB357D-737C-4DCD-A628-2ED27FB31D53}.Debug|Any CPU.ActiveCfg = Debug|Any CPU
		{23EB357D-737C-4DCD-A628-2ED27FB31D53}.Debug|Any CPU.Build.0 = Debug|Any CPU
		{23EB357D-737C-4DCD-A628-2ED27FB31D53}.Release|Any CPU.ActiveCfg = Release|Any CPU
		{23EB357D-737C-4DCD-A628-2ED27FB31D53}.Release|Any CPU.Build.0 = Release|Any CPU
		{2D99EB0B-CD18-44A0-8B4F-1709CBFD3517}.Debug|Any CPU.ActiveCfg = Debug|Any CPU
		{2D99EB0B-CD18-44A0-8B4F-1709CBFD3517}.Debug|Any CPU.Build.0 = Debug|Any CPU
		{2D99EB0B-CD18-44A0-8B4F-1709CBFD3517}.Release|Any CPU.ActiveCfg = Release|Any CPU
		{2D99EB0B-CD18-44A0-8B4F-1709CBFD3517}.Release|Any CPU.Build.0 = Release|Any CPU
		{3BD903CE-5EC6-495B-B00D-AC88B99C4D34}.Debug|Any CPU.ActiveCfg = Debug|Any CPU
		{3BD903CE-5EC6-495B-B00D-AC88B99C4D34}.Debug|Any CPU.Build.0 = Debug|Any CPU
		{3BD903CE-5EC6-495B-B00D-AC88B99C4D34}.Release|Any CPU.ActiveCfg = Release|Any CPU
		{3BD903CE-5EC6-495B-B00D-AC88B99C4D34}.Release|Any CPU.Build.0 = Release|Any CPU
		{4172EFDB-950A-4086-9E82-AEF531F42761}.Debug|Any CPU.ActiveCfg = Debug|Any CPU
		{4172EFDB-950A-4086-9E82-AEF531F42761}.Debug|Any CPU.Build.0 = Debug|Any CPU
		{4172EFDB-950A-4086-9E82-AEF531F42761}.Release|Any CPU.ActiveCfg = Release|Any CPU
		{4172EFDB-950A-4086-9E82-AEF531F42761}.Release|Any CPU.Build.0 = Release|Any CPU
		{5156ADE3-9C6D-4C8E-8DEB-F14326C41A0B}.Debug|Any CPU.ActiveCfg = Debug|Any CPU
		{5156ADE3-9C6D-4C8E-8DEB-F14326C41A0B}.Debug|Any CPU.Build.0 = Debug|Any CPU
		{5156ADE3-9C6D-4C8E-8DEB-F14326C41A0B}.Release|Any CPU.ActiveCfg = Release|Any CPU
		{5156ADE3-9C6D-4C8E-8DEB-F14326C41A0B}.Release|Any CPU.Build.0 = Release|Any CPU
		{8B30A0F4-A912-4616-9A05-BD38FFD18B8E}.Debug|Any CPU.ActiveCfg = Debug|Any CPU
		{8B30A0F4-A912-4616-9A05-BD38FFD18B8E}.Debug|Any CPU.Build.0 = Debug|Any CPU
		{8B30A0F4-A912-4616-9A05-BD38FFD18B8E}.Release|Any CPU.ActiveCfg = Release|Any CPU
		{8B30A0F4-A912-4616-9A05-BD38FFD18B8E}.Release|Any CPU.Build.0 = Release|Any CPU
		{E8657E21-52F2-4CC7-95D0-CAAE1F98B2BC}.Debug|Any CPU.ActiveCfg = Debug|Any CPU
		{E8657E21-52F2-4CC7-95D0-CAAE1F98B2BC}.Debug|Any CPU.Build.0 = Debug|Any CPU
		{E8657E21-52F2-4CC7-95D0-CAAE1F98B2BC}.Release|Any CPU.ActiveCfg = Release|Any CPU
		{E8657E21-52F2-4CC7-95D0-CAAE1F98B2BC}.Release|Any CPU.Build.0 = Release|Any CPU
		{26D0FAAC-4C5B-422C-8F0B-CE023092BB5E}.Debug|Any CPU.ActiveCfg = Debug|Any CPU
		{26D0FAAC-4C5B-422C-8F0B-CE023092BB5E}.Debug|Any CPU.Build.0 = Debug|Any CPU
		{26D0FAAC-4C5B-422C-8F0B-CE023092BB5E}.Release|Any CPU.ActiveCfg = Release|Any CPU
		{26D0FAAC-4C5B-422C-8F0B-CE023092BB5E}.Release|Any CPU.Build.0 = Release|Any CPU
		{28C5CE4A-AA77-4815-86A7-AB4450D46EE6}.Debug|Any CPU.ActiveCfg = Debug|Any CPU
		{28C5CE4A-AA77-4815-86A7-AB4450D46EE6}.Debug|Any CPU.Build.0 = Debug|Any CPU
		{28C5CE4A-AA77-4815-86A7-AB4450D46EE6}.Release|Any CPU.ActiveCfg = Release|Any CPU
		{28C5CE4A-AA77-4815-86A7-AB4450D46EE6}.Release|Any CPU.Build.0 = Release|Any CPU
		{4F171528-ADD6-4D6D-8950-ED6FC713657B}.Debug|Any CPU.ActiveCfg = Debug|Any CPU
		{4F171528-ADD6-4D6D-8950-ED6FC713657B}.Debug|Any CPU.Build.0 = Debug|Any CPU
		{4F171528-ADD6-4D6D-8950-ED6FC713657B}.Release|Any CPU.ActiveCfg = Release|Any CPU
		{4F171528-ADD6-4D6D-8950-ED6FC713657B}.Release|Any CPU.Build.0 = Release|Any CPU
		{761F47E3-56C5-493D-9B96-53EBD61E086E}.Debug|Any CPU.ActiveCfg = Debug|Any CPU
		{761F47E3-56C5-493D-9B96-53EBD61E086E}.Debug|Any CPU.Build.0 = Debug|Any CPU
		{761F47E3-56C5-493D-9B96-53EBD61E086E}.Release|Any CPU.ActiveCfg = Release|Any CPU
		{761F47E3-56C5-493D-9B96-53EBD61E086E}.Release|Any CPU.Build.0 = Release|Any CPU
		{40E6FA3C-565F-40B2-8D71-D54BDA024D1D}.Debug|Any CPU.ActiveCfg = Debug|Any CPU
		{40E6FA3C-565F-40B2-8D71-D54BDA024D1D}.Debug|Any CPU.Build.0 = Debug|Any CPU
		{40E6FA3C-565F-40B2-8D71-D54BDA024D1D}.Release|Any CPU.ActiveCfg = Release|Any CPU
		{40E6FA3C-565F-40B2-8D71-D54BDA024D1D}.Release|Any CPU.Build.0 = Release|Any CPU
		{8DE1297B-1990-4A25-A5BA-33105BEDB6B0}.Debug|Any CPU.ActiveCfg = Debug|Any CPU
		{8DE1297B-1990-4A25-A5BA-33105BEDB6B0}.Debug|Any CPU.Build.0 = Debug|Any CPU
		{8DE1297B-1990-4A25-A5BA-33105BEDB6B0}.Release|Any CPU.ActiveCfg = Release|Any CPU
		{8DE1297B-1990-4A25-A5BA-33105BEDB6B0}.Release|Any CPU.Build.0 = Release|Any CPU
		{6A38B8D6-1C4B-472D-A35E-35FBFEB47742}.Debug|Any CPU.ActiveCfg = Debug|Any CPU
		{6A38B8D6-1C4B-472D-A35E-35FBFEB47742}.Debug|Any CPU.Build.0 = Debug|Any CPU
		{6A38B8D6-1C4B-472D-A35E-35FBFEB47742}.Release|Any CPU.ActiveCfg = Release|Any CPU
		{6A38B8D6-1C4B-472D-A35E-35FBFEB47742}.Release|Any CPU.Build.0 = Release|Any CPU
		{C3669F7B-7E74-4E9F-86B9-E8E3B0EE51CA}.Debug|Any CPU.ActiveCfg = Debug|Any CPU
		{C3669F7B-7E74-4E9F-86B9-E8E3B0EE51CA}.Debug|Any CPU.Build.0 = Debug|Any CPU
		{C3669F7B-7E74-4E9F-86B9-E8E3B0EE51CA}.Release|Any CPU.ActiveCfg = Release|Any CPU
		{C3669F7B-7E74-4E9F-86B9-E8E3B0EE51CA}.Release|Any CPU.Build.0 = Release|Any CPU
		{2EAC11C4-C280-4D6B-8D8C-DDE1D0FEFC84}.Debug|Any CPU.ActiveCfg = Debug|Any CPU
		{2EAC11C4-C280-4D6B-8D8C-DDE1D0FEFC84}.Debug|Any CPU.Build.0 = Debug|Any CPU
		{2EAC11C4-C280-4D6B-8D8C-DDE1D0FEFC84}.Release|Any CPU.ActiveCfg = Release|Any CPU
		{2EAC11C4-C280-4D6B-8D8C-DDE1D0FEFC84}.Release|Any CPU.Build.0 = Release|Any CPU
		{C5E2DEE9-FE6B-4DA9-B433-088E09E697E9}.Debug|Any CPU.ActiveCfg = Debug|Any CPU
		{C5E2DEE9-FE6B-4DA9-B433-088E09E697E9}.Debug|Any CPU.Build.0 = Debug|Any CPU
		{C5E2DEE9-FE6B-4DA9-B433-088E09E697E9}.Release|Any CPU.ActiveCfg = Release|Any CPU
		{C5E2DEE9-FE6B-4DA9-B433-088E09E697E9}.Release|Any CPU.Build.0 = Release|Any CPU
		{C5511C3F-591F-412D-9A5E-8E2A767758A2}.Debug|Any CPU.ActiveCfg = Debug|Any CPU
		{C5511C3F-591F-412D-9A5E-8E2A767758A2}.Debug|Any CPU.Build.0 = Debug|Any CPU
		{C5511C3F-591F-412D-9A5E-8E2A767758A2}.Release|Any CPU.ActiveCfg = Release|Any CPU
		{C5511C3F-591F-412D-9A5E-8E2A767758A2}.Release|Any CPU.Build.0 = Release|Any CPU
		{AF699A6F-6CCF-4F8B-B9E6-78D5AE8A9704}.Debug|Any CPU.ActiveCfg = Debug|Any CPU
		{AF699A6F-6CCF-4F8B-B9E6-78D5AE8A9704}.Debug|Any CPU.Build.0 = Debug|Any CPU
		{AF699A6F-6CCF-4F8B-B9E6-78D5AE8A9704}.Release|Any CPU.ActiveCfg = Release|Any CPU
		{AF699A6F-6CCF-4F8B-B9E6-78D5AE8A9704}.Release|Any CPU.Build.0 = Release|Any CPU
		{A6A53DE5-FEB2-4DA9-A38E-F92CA0D3B596}.Debug|Any CPU.ActiveCfg = Debug|Any CPU
		{A6A53DE5-FEB2-4DA9-A38E-F92CA0D3B596}.Debug|Any CPU.Build.0 = Debug|Any CPU
		{A6A53DE5-FEB2-4DA9-A38E-F92CA0D3B596}.Release|Any CPU.ActiveCfg = Release|Any CPU
		{A6A53DE5-FEB2-4DA9-A38E-F92CA0D3B596}.Release|Any CPU.Build.0 = Release|Any CPU
		{93E3BE40-E405-4736-80F7-CF1E05C10081}.Debug|Any CPU.ActiveCfg = Debug|Any CPU
		{93E3BE40-E405-4736-80F7-CF1E05C10081}.Debug|Any CPU.Build.0 = Debug|Any CPU
		{93E3BE40-E405-4736-80F7-CF1E05C10081}.Release|Any CPU.ActiveCfg = Release|Any CPU
		{93E3BE40-E405-4736-80F7-CF1E05C10081}.Release|Any CPU.Build.0 = Release|Any CPU
	EndGlobalSection
	GlobalSection(SolutionProperties) = preSolution
		HideSolutionNode = FALSE
	EndGlobalSection
	GlobalSection(NestedProjects) = preSolution
		{5EF1636C-E55F-4CA5-AE8E-367940557554} = {6C0F9D5F-4D59-4F6F-8AE2-0355676BE11B}
		{BF6E77FC-3FE5-415B-AFD8-5F96D7F8B36C} = {56B09219-946C-467B-8080-49AD28E8A589}
		{890A7DCD-2505-4484-B0D1-10F01CA22032} = {6BA7DB48-8D33-4E88-9E92-4270A8993718}
		{EE48EFA9-5FB9-42EF-9920-0AF3A16C35A0} = {9C3EB279-B065-41D2-AD79-21840BE11CF3}
		{5AED55A8-3172-41D2-848C-3F2B6E4771C5} = {1922117C-9CE7-438A-8F57-18CAD07D42CB}
		{6FDC1D44-4291-43EE-8A19-DC960D744BD9} = {8B7B7D43-2676-4745-BA23-6FC0AE1DA283}
		{2537A313-9AEF-467B-A1B2-CC729E82B920} = {EB43622E-1021-4E94-86E3-ACE9F8151709}
		{5A50FC7D-7094-4983-82CF-0A9287E90A1C} = {60A8083E-2A86-4336-8547-628487493CFA}
		{367151F2-07ED-40E0-BE69-BEE0B12624BB} = {2EE647AA-2CFB-482B-A1F6-90DC40E83A7E}
		{2B2B92D6-2825-4936-8C88-3B377D22D0E5} = {176C61D3-1713-42CE-A8B0-BDE41069FB2F}
		{879BEBDA-15AA-4371-B9E8-98F8FD9D5490} = {9F801ECC-1D77-4F69-8ED9-D6D2BD71A6C1}
		{23EB357D-737C-4DCD-A628-2ED27FB31D53} = {90171DB6-41BA-4294-8D59-E559D227CFE5}
		{2D99EB0B-CD18-44A0-8B4F-1709CBFD3517} = {20A53BA5-7A56-4032-A293-07BC9A47F76A}
		{3BD903CE-5EC6-495B-B00D-AC88B99C4D34} = {9E77C74A-243D-446F-8B66-B40B98A24A62}
		{4172EFDB-950A-4086-9E82-AEF531F42761} = {DE59DD3F-9624-49A9-8FD2-B5A48568EB8E}
		{5156ADE3-9C6D-4C8E-8DEB-F14326C41A0B} = {A2CF07C3-F9AB-4CC9-AA4B-AAF5BC956D47}
		{8B30A0F4-A912-4616-9A05-BD38FFD18B8E} = {9FA6FC38-8B47-42B7-BD9B-CF6A4F5D20BF}
		{E8657E21-52F2-4CC7-95D0-CAAE1F98B2BC} = {788EC533-74CF-48AD-99C5-E74E34057415}
		{26D0FAAC-4C5B-422C-8F0B-CE023092BB5E} = {87663B23-F6E4-4D30-B14F-68B159D1FA45}
		{28C5CE4A-AA77-4815-86A7-AB4450D46EE6} = {42F08799-FBCD-4C3C-8B1E-C151E2229BAD}
		{4F171528-ADD6-4D6D-8950-ED6FC713657B} = {03B2C8DD-EFA5-4D00-95C7-DD1A86581879}
		{761F47E3-56C5-493D-9B96-53EBD61E086E} = {186D5BA4-26C4-4EC6-81C3-19AB09364069}
		{40E6FA3C-565F-40B2-8D71-D54BDA024D1D} = {DBE43DB3-EE8A-4CCA-BA44-E26401859BFD}
		{8DE1297B-1990-4A25-A5BA-33105BEDB6B0} = {F6DB4957-2659-4677-8233-41496F127835}
		{6A38B8D6-1C4B-472D-A35E-35FBFEB47742} = {7CA95352-FC26-4DB2-86A3-97CE6A8DDB99}
		{C3669F7B-7E74-4E9F-86B9-E8E3B0EE51CA} = {E37D4499-6FE0-48A2-8814-07E0A6E2F068}
		{2EAC11C4-C280-4D6B-8D8C-DDE1D0FEFC84} = {C6C1AE40-1145-4984-82AA-C3110653F3A4}
		{C5E2DEE9-FE6B-4DA9-B433-088E09E697E9} = {2F976E3B-1B84-46C8-B809-159DA2DAF98B}
		{C5511C3F-591F-412D-9A5E-8E2A767758A2} = {3D4B1320-CDCD-44E3-B64A-56DAA0D21CB1}
		{AF699A6F-6CCF-4F8B-B9E6-78D5AE8A9704} = {6A81F5F1-BF89-4B97-BDB9-DEE46F1174DA}
		{A6A53DE5-FEB2-4DA9-A38E-F92CA0D3B596} = {D5B8D1B8-25CB-4F81-B7A6-2730FC774CD7}
		{93E3BE40-E405-4736-80F7-CF1E05C10081} = {C180BCB5-04D6-4182-A203-23EBB5602567}
	EndGlobalSection
	GlobalSection(ExtensibilityGlobals) = postSolution
		SolutionGuid = {D686801E-F955-4E5C-8A39-B027C325C428}
	EndGlobalSection
EndGlobal
